
Microsoft Visual Studio Solution File, Format Version 12.00
# Visual Studio Version 16
VisualStudioVersion = 16.0.29613.14
MinimumVisualStudioVersion = 10.0.40219.1
Project("{FAE04EC0-301F-11D3-BF4B-00C04F79EFBC}") = "cl_k9", "cl_k9\cl_k9.csproj", "{593A73AD-4F27-4BCD-BF3E-F5B600BF7CE7}"
EndProject
Project("{FAE04EC0-301F-11D3-BF4B-00C04F79EFBC}") = "sv_k9", "sv_k9\sv_k9.csproj", "{C23A6708-9A8D-4E69-8462-560288002FCD}"
EndProject
Global
	GlobalSection(SolutionConfigurationPlatforms) = preSolution
		Debug|Any CPU = Debug|Any CPU
		Release|Any CPU = Release|Any CPU
	EndGlobalSection
	GlobalSection(ProjectConfigurationPlatforms) = postSolution
		{593A73AD-4F27-4BCD-BF3E-F5B600BF7CE7}.Debug|Any CPU.ActiveCfg = Debug|Any CPU
		{593A73AD-4F27-4BCD-BF3E-F5B600BF7CE7}.Debug|Any CPU.Build.0 = Debug|Any CPU
		{593A73AD-4F27-4BCD-BF3E-F5B600BF7CE7}.Release|Any CPU.ActiveCfg = Release|Any CPU
		{593A73AD-4F27-4BCD-BF3E-F5B600BF7CE7}.Release|Any CPU.Build.0 = Release|Any CPU
		{C23A6708-9A8D-4E69-8462-560288002FCD}.Debug|Any CPU.ActiveCfg = Debug|Any CPU
		{C23A6708-9A8D-4E69-8462-560288002FCD}.Debug|Any CPU.Build.0 = Debug|Any CPU
		{C23A6708-9A8D-4E69-8462-560288002FCD}.Release|Any CPU.ActiveCfg = Release|Any CPU
		{C23A6708-9A8D-4E69-8462-560288002FCD}.Release|Any CPU.Build.0 = Release|Any CPU
	EndGlobalSection
	GlobalSection(SolutionProperties) = preSolution
		HideSolutionNode = FALSE
	EndGlobalSection
	GlobalSection(ExtensibilityGlobals) = postSolution
		SolutionGuid = {17E76998-EA2B-4708-81A6-08AEF819DD78}
	EndGlobalSection
EndGlobal
